// !$*UTF8*$!
{
	archiveVersion = 1;
	classes = {
	};
	objectVersion = 51;
	objects = {

/* Begin PBXBuildFile section */
		663BF63925E8129500961B95 /* Lafayette-Concorde20km.gpx in Resources */ = {isa = PBXBuildFile; fileRef = 663BF63825E8129500961B95 /* Lafayette-Concorde20km.gpx */; };
		6671454A25E800E200050905 /* AppDelegate.swift in Sources */ = {isa = PBXBuildFile; fileRef = 6671454925E800E200050905 /* AppDelegate.swift */; };
		6671454C25E800E200050905 /* SceneDelegate.swift in Sources */ = {isa = PBXBuildFile; fileRef = 6671454B25E800E200050905 /* SceneDelegate.swift */; };
		6671454E25E800E200050905 /* ViewController.swift in Sources */ = {isa = PBXBuildFile; fileRef = 6671454D25E800E200050905 /* ViewController.swift */; };
		6671455125E800E200050905 /* Main.storyboard in Resources */ = {isa = PBXBuildFile; fileRef = 6671454F25E800E200050905 /* Main.storyboard */; };
		6671455325E800E600050905 /* Assets.xcassets in Resources */ = {isa = PBXBuildFile; fileRef = 6671455225E800E600050905 /* Assets.xcassets */; };
		6671455625E800E600050905 /* LaunchScreen.storyboard in Resources */ = {isa = PBXBuildFile; fileRef = 6671455425E800E600050905 /* LaunchScreen.storyboard */; };
		97E61DE6AAFC230BADEB8447 /* Pods_SPTDemoPlacesCallbacks.framework in Frameworks */ = {isa = PBXBuildFile; fileRef = 5E3FE42921271083A4DF10C4 /* Pods_SPTDemoPlacesCallbacks.framework */; };
/* End PBXBuildFile section */

/* Begin PBXFileReference section */
		5E3FE42921271083A4DF10C4 /* Pods_SPTDemoPlacesCallbacks.framework */ = {isa = PBXFileReference; explicitFileType = wrapper.framework; includeInIndex = 0; path = Pods_SPTDemoPlacesCallbacks.framework; sourceTree = BUILT_PRODUCTS_DIR; };
		663BF63825E8129500961B95 /* Lafayette-Concorde20km.gpx */ = {isa = PBXFileReference; fileEncoding = 4; lastKnownFileType = text.xml; path = "Lafayette-Concorde20km.gpx"; sourceTree = "<group>"; };
		6671454625E800E200050905 /* SPTDemoPlacesCallbacks.app */ = {isa = PBXFileReference; explicitFileType = wrapper.application; includeInIndex = 0; path = SPTDemoPlacesCallbacks.app; sourceTree = BUILT_PRODUCTS_DIR; };
		6671454925E800E200050905 /* AppDelegate.swift */ = {isa = PBXFileReference; lastKnownFileType = sourcecode.swift; path = AppDelegate.swift; sourceTree = "<group>"; };
		6671454B25E800E200050905 /* SceneDelegate.swift */ = {isa = PBXFileReference; lastKnownFileType = sourcecode.swift; path = SceneDelegate.swift; sourceTree = "<group>"; };
		6671454D25E800E200050905 /* ViewController.swift */ = {isa = PBXFileReference; lastKnownFileType = sourcecode.swift; path = ViewController.swift; sourceTree = "<group>"; };
		6671455025E800E200050905 /* Base */ = {isa = PBXFileReference; lastKnownFileType = file.storyboard; name = Base; path = Base.lproj/Main.storyboard; sourceTree = "<group>"; };
		6671455225E800E600050905 /* Assets.xcassets */ = {isa = PBXFileReference; lastKnownFileType = folder.assetcatalog; path = Assets.xcassets; sourceTree = "<group>"; };
		6671455525E800E600050905 /* Base */ = {isa = PBXFileReference; lastKnownFileType = file.storyboard; name = Base; path = Base.lproj/LaunchScreen.storyboard; sourceTree = "<group>"; };
		6671455725E800E600050905 /* Info.plist */ = {isa = PBXFileReference; lastKnownFileType = text.plist.xml; path = Info.plist; sourceTree = "<group>"; };
		7230490279FEC940897B91E5 /* Pods-SPTDemoPlacesCallbacks.debug.xcconfig */ = {isa = PBXFileReference; includeInIndex = 1; lastKnownFileType = text.xcconfig; name = "Pods-SPTDemoPlacesCallbacks.debug.xcconfig"; path = "Target Support Files/Pods-SPTDemoPlacesCallbacks/Pods-SPTDemoPlacesCallbacks.debug.xcconfig"; sourceTree = "<group>"; };
		B4BD0BB843061BCD0322C988 /* Pods-SPTDemoPlacesCallbacks.release.xcconfig */ = {isa = PBXFileReference; includeInIndex = 1; lastKnownFileType = text.xcconfig; name = "Pods-SPTDemoPlacesCallbacks.release.xcconfig"; path = "Target Support Files/Pods-SPTDemoPlacesCallbacks/Pods-SPTDemoPlacesCallbacks.release.xcconfig"; sourceTree = "<group>"; };
/* End PBXFileReference section */

/* Begin PBXFrameworksBuildPhase section */
		6671454325E800E200050905 /* Frameworks */ = {
			isa = PBXFrameworksBuildPhase;
			buildActionMask = 2147483647;
			files = (
				97E61DE6AAFC230BADEB8447 /* Pods_SPTDemoPlacesCallbacks.framework in Frameworks */,
			);
			runOnlyForDeploymentPostprocessing = 0;
		};
/* End PBXFrameworksBuildPhase section */

/* Begin PBXGroup section */
		6671453D25E800E200050905 = {
			isa = PBXGroup;
			children = (
				6671454825E800E200050905 /* SPTDemoPlacesCallbacks */,
				6671454725E800E200050905 /* Products */,
				FAC71CC3C016470F463F09E3 /* Pods */,
				CF32E14A5B2B9AF55E9A7C2B /* Frameworks */,
			);
			sourceTree = "<group>";
		};
		6671454725E800E200050905 /* Products */ = {
			isa = PBXGroup;
			children = (
				6671454625E800E200050905 /* SPTDemoPlacesCallbacks.app */,
			);
			name = Products;
			sourceTree = "<group>";
		};
		6671454825E800E200050905 /* SPTDemoPlacesCallbacks */ = {
			isa = PBXGroup;
			children = (
				6671454925E800E200050905 /* AppDelegate.swift */,
				663BF63825E8129500961B95 /* Lafayette-Concorde20km.gpx */,
				6671454B25E800E200050905 /* SceneDelegate.swift */,
				6671454D25E800E200050905 /* ViewController.swift */,
				6671454F25E800E200050905 /* Main.storyboard */,
				6671455225E800E600050905 /* Assets.xcassets */,
				6671455425E800E600050905 /* LaunchScreen.storyboard */,
				6671455725E800E600050905 /* Info.plist */,
			);
			path = SPTDemoPlacesCallbacks;
			sourceTree = "<group>";
		};
		CF32E14A5B2B9AF55E9A7C2B /* Frameworks */ = {
			isa = PBXGroup;
			children = (
				5E3FE42921271083A4DF10C4 /* Pods_SPTDemoPlacesCallbacks.framework */,
			);
			name = Frameworks;
			sourceTree = "<group>";
		};
		FAC71CC3C016470F463F09E3 /* Pods */ = {
			isa = PBXGroup;
			children = (
				7230490279FEC940897B91E5 /* Pods-SPTDemoPlacesCallbacks.debug.xcconfig */,
				B4BD0BB843061BCD0322C988 /* Pods-SPTDemoPlacesCallbacks.release.xcconfig */,
			);
			path = Pods;
			sourceTree = "<group>";
		};
/* End PBXGroup section */

/* Begin PBXNativeTarget section */
		6671454525E800E200050905 /* SPTDemoPlacesCallbacks */ = {
			isa = PBXNativeTarget;
			buildConfigurationList = 6671455A25E800E600050905 /* Build configuration list for PBXNativeTarget "SPTDemoPlacesCallbacks" */;
			buildPhases = (
				F371920E21201F827C4BA49D /* [CP] Check Pods Manifest.lock */,
				6671454225E800E200050905 /* Sources */,
				6671454325E800E200050905 /* Frameworks */,
				6671454425E800E200050905 /* Resources */,
				04EE82E28B4DE6D5376BD9CF /* [CP] Embed Pods Frameworks */,
			);
			buildRules = (
			);
			dependencies = (
			);
			name = SPTDemoPlacesCallbacks;
			productName = SPTDemoPlacesCallbacks;
			productReference = 6671454625E800E200050905 /* SPTDemoPlacesCallbacks.app */;
			productType = "com.apple.product-type.application";
		};
/* End PBXNativeTarget section */

/* Begin PBXProject section */
		6671453E25E800E200050905 /* Project object */ = {
			isa = PBXProject;
			attributes = {
				LastSwiftUpdateCheck = 1240;
				LastUpgradeCheck = 1240;
				TargetAttributes = {
					6671454525E800E200050905 = {
						CreatedOnToolsVersion = 12.4;
					};
				};
			};
			buildConfigurationList = 6671454125E800E200050905 /* Build configuration list for PBXProject "SPTDemoPlacesCallbacks" */;
			compatibilityVersion = "Xcode 9.3";
			developmentRegion = en;
			hasScannedForEncodings = 0;
			knownRegions = (
				en,
				Base,
			);
			mainGroup = 6671453D25E800E200050905;
			productRefGroup = 6671454725E800E200050905 /* Products */;
			projectDirPath = "";
			projectRoot = "";
			targets = (
				6671454525E800E200050905 /* SPTDemoPlacesCallbacks */,
			);
		};
/* End PBXProject section */

/* Begin PBXResourcesBuildPhase section */
		6671454425E800E200050905 /* Resources */ = {
			isa = PBXResourcesBuildPhase;
			buildActionMask = 2147483647;
			files = (
				6671455625E800E600050905 /* LaunchScreen.storyboard in Resources */,
				6671455325E800E600050905 /* Assets.xcassets in Resources */,
				663BF63925E8129500961B95 /* Lafayette-Concorde20km.gpx in Resources */,
				6671455125E800E200050905 /* Main.storyboard in Resources */,
			);
			runOnlyForDeploymentPostprocessing = 0;
		};
/* End PBXResourcesBuildPhase section */

/* Begin PBXShellScriptBuildPhase section */
		04EE82E28B4DE6D5376BD9CF /* [CP] Embed Pods Frameworks */ = {
			isa = PBXShellScriptBuildPhase;
			buildActionMask = 2147483647;
			files = (
			);
			inputFileListPaths = (
				"${PODS_ROOT}/Target Support Files/Pods-SPTDemoPlacesCallbacks/Pods-SPTDemoPlacesCallbacks-frameworks-${CONFIGURATION}-input-files.xcfilelist",
			);
			name = "[CP] Embed Pods Frameworks";
			outputFileListPaths = (
				"${PODS_ROOT}/Target Support Files/Pods-SPTDemoPlacesCallbacks/Pods-SPTDemoPlacesCallbacks-frameworks-${CONFIGURATION}-output-files.xcfilelist",
			);
			runOnlyForDeploymentPostprocessing = 0;
			shellPath = /bin/sh;
			shellScript = "\"${PODS_ROOT}/Target Support Files/Pods-SPTDemoPlacesCallbacks/Pods-SPTDemoPlacesCallbacks-frameworks.sh\"\n";
			showEnvVarsInLog = 0;
		};
		F371920E21201F827C4BA49D /* [CP] Check Pods Manifest.lock */ = {
			isa = PBXShellScriptBuildPhase;
			buildActionMask = 2147483647;
			files = (
			);
			inputFileListPaths = (
			);
			inputPaths = (
				"${PODS_PODFILE_DIR_PATH}/Podfile.lock",
				"${PODS_ROOT}/Manifest.lock",
			);
			name = "[CP] Check Pods Manifest.lock";
			outputFileListPaths = (
			);
			outputPaths = (
				"$(DERIVED_FILE_DIR)/Pods-SPTDemoPlacesCallbacks-checkManifestLockResult.txt",
			);
			runOnlyForDeploymentPostprocessing = 0;
			shellPath = /bin/sh;
			shellScript = "diff \"${PODS_PODFILE_DIR_PATH}/Podfile.lock\" \"${PODS_ROOT}/Manifest.lock\" > /dev/null\nif [ $? != 0 ] ; then\n    # print error to STDERR\n    echo \"error: The sandbox is not in sync with the Podfile.lock. Run 'pod install' or update your CocoaPods installation.\" >&2\n    exit 1\nfi\n# This output is used by Xcode 'outputs' to avoid re-running this script phase.\necho \"SUCCESS\" > \"${SCRIPT_OUTPUT_FILE_0}\"\n";
			showEnvVarsInLog = 0;
		};
/* End PBXShellScriptBuildPhase section */

/* Begin PBXSourcesBuildPhase section */
		6671454225E800E200050905 /* Sources */ = {
			isa = PBXSourcesBuildPhase;
			buildActionMask = 2147483647;
			files = (
				6671454E25E800E200050905 /* ViewController.swift in Sources */,
				6671454A25E800E200050905 /* AppDelegate.swift in Sources */,
				6671454C25E800E200050905 /* SceneDelegate.swift in Sources */,
			);
			runOnlyForDeploymentPostprocessing = 0;
		};
/* End PBXSourcesBuildPhase section */

/* Begin PBXVariantGroup section */
		6671454F25E800E200050905 /* Main.storyboard */ = {
			isa = PBXVariantGroup;
			children = (
				6671455025E800E200050905 /* Base */,
			);
			name = Main.storyboard;
			sourceTree = "<group>";
		};
		6671455425E800E600050905 /* LaunchScreen.storyboard */ = {
			isa = PBXVariantGroup;
			children = (
				6671455525E800E600050905 /* Base */,
			);
			name = LaunchScreen.storyboard;
			sourceTree = "<group>";
		};
/* End PBXVariantGroup section */

/* Begin XCBuildConfiguration section */
		6671455825E800E600050905 /* Debug */ = {
			isa = XCBuildConfiguration;
			buildSettings = {
				ALWAYS_SEARCH_USER_PATHS = NO;
				CLANG_ANALYZER_NONNULL = YES;
				CLANG_ANALYZER_NUMBER_OBJECT_CONVERSION = YES_AGGRESSIVE;
				CLANG_CXX_LANGUAGE_STANDARD = "gnu++14";
				CLANG_CXX_LIBRARY = "libc++";
				CLANG_ENABLE_MODULES = YES;
				CLANG_ENABLE_OBJC_ARC = YES;
				CLANG_ENABLE_OBJC_WEAK = YES;
				CLANG_WARN_BLOCK_CAPTURE_AUTORELEASING = YES;
				CLANG_WARN_BOOL_CONVERSION = YES;
				CLANG_WARN_COMMA = YES;
				CLANG_WARN_CONSTANT_CONVERSION = YES;
				CLANG_WARN_DEPRECATED_OBJC_IMPLEMENTATIONS = YES;
				CLANG_WARN_DIRECT_OBJC_ISA_USAGE = YES_ERROR;
				CLANG_WARN_DOCUMENTATION_COMMENTS = YES;
				CLANG_WARN_EMPTY_BODY = YES;
				CLANG_WARN_ENUM_CONVERSION = YES;
				CLANG_WARN_INFINITE_RECURSION = YES;
				CLANG_WARN_INT_CONVERSION = YES;
				CLANG_WARN_NON_LITERAL_NULL_CONVERSION = YES;
				CLANG_WARN_OBJC_IMPLICIT_RETAIN_SELF = YES;
				CLANG_WARN_OBJC_LITERAL_CONVERSION = YES;
				CLANG_WARN_OBJC_ROOT_CLASS = YES_ERROR;
				CLANG_WARN_QUOTED_INCLUDE_IN_FRAMEWORK_HEADER = YES;
				CLANG_WARN_RANGE_LOOP_ANALYSIS = YES;
				CLANG_WARN_STRICT_PROTOTYPES = YES;
				CLANG_WARN_SUSPICIOUS_MOVE = YES;
				CLANG_WARN_UNGUARDED_AVAILABILITY = YES_AGGRESSIVE;
				CLANG_WARN_UNREACHABLE_CODE = YES;
				CLANG_WARN__DUPLICATE_METHOD_MATCH = YES;
				COPY_PHASE_STRIP = NO;
				DEBUG_INFORMATION_FORMAT = dwarf;
				ENABLE_STRICT_OBJC_MSGSEND = YES;
				ENABLE_TESTABILITY = YES;
				GCC_C_LANGUAGE_STANDARD = gnu11;
				GCC_DYNAMIC_NO_PIC = NO;
				GCC_NO_COMMON_BLOCKS = YES;
				GCC_OPTIMIZATION_LEVEL = 0;
				GCC_PREPROCESSOR_DEFINITIONS = (
					"DEBUG=1",
					"$(inherited)",
				);
				GCC_WARN_64_TO_32_BIT_CONVERSION = YES;
				GCC_WARN_ABOUT_RETURN_TYPE = YES_ERROR;
				GCC_WARN_UNDECLARED_SELECTOR = YES;
				GCC_WARN_UNINITIALIZED_AUTOS = YES_AGGRESSIVE;
				GCC_WARN_UNUSED_FUNCTION = YES;
				GCC_WARN_UNUSED_VARIABLE = YES;
				IPHONEOS_DEPLOYMENT_TARGET = 14.4;
				MTL_ENABLE_DEBUG_INFO = INCLUDE_SOURCE;
				MTL_FAST_MATH = YES;
				ONLY_ACTIVE_ARCH = YES;
				SDKROOT = iphoneos;
				SWIFT_ACTIVE_COMPILATION_CONDITIONS = DEBUG;
				SWIFT_OPTIMIZATION_LEVEL = "-Onone";
			};
			name = Debug;
		};
		6671455925E800E600050905 /* Release */ = {
			isa = XCBuildConfiguration;
			buildSettings = {
				ALWAYS_SEARCH_USER_PATHS = NO;
				CLANG_ANALYZER_NONNULL = YES;
				CLANG_ANALYZER_NUMBER_OBJECT_CONVERSION = YES_AGGRESSIVE;
				CLANG_CXX_LANGUAGE_STANDARD = "gnu++14";
				CLANG_CXX_LIBRARY = "libc++";
				CLANG_ENABLE_MODULES = YES;
				CLANG_ENABLE_OBJC_ARC = YES;
				CLANG_ENABLE_OBJC_WEAK = YES;
				CLANG_WARN_BLOCK_CAPTURE_AUTORELEASING = YES;
				CLANG_WARN_BOOL_CONVERSION = YES;
				CLANG_WARN_COMMA = YES;
				CLANG_WARN_CONSTANT_CONVERSION = YES;
				CLANG_WARN_DEPRECATED_OBJC_IMPLEMENTATIONS = YES;
				CLANG_WARN_DIRECT_OBJC_ISA_USAGE = YES_ERROR;
				CLANG_WARN_DOCUMENTATION_COMMENTS = YES;
				CLANG_WARN_EMPTY_BODY = YES;
				CLANG_WARN_ENUM_CONVERSION = YES;
				CLANG_WARN_INFINITE_RECURSION = YES;
				CLANG_WARN_INT_CONVERSION = YES;
				CLANG_WARN_NON_LITERAL_NULL_CONVERSION = YES;
				CLANG_WARN_OBJC_IMPLICIT_RETAIN_SELF = YES;
				CLANG_WARN_OBJC_LITERAL_CONVERSION = YES;
				CLANG_WARN_OBJC_ROOT_CLASS = YES_ERROR;
				CLANG_WARN_QUOTED_INCLUDE_IN_FRAMEWORK_HEADER = YES;
				CLANG_WARN_RANGE_LOOP_ANALYSIS = YES;
				CLANG_WARN_STRICT_PROTOTYPES = YES;
				CLANG_WARN_SUSPICIOUS_MOVE = YES;
				CLANG_WARN_UNGUARDED_AVAILABILITY = YES_AGGRESSIVE;
				CLANG_WARN_UNREACHABLE_CODE = YES;
				CLANG_WARN__DUPLICATE_METHOD_MATCH = YES;
				COPY_PHASE_STRIP = NO;
				DEBUG_INFORMATION_FORMAT = "dwarf-with-dsym";
				ENABLE_NS_ASSERTIONS = NO;
				ENABLE_STRICT_OBJC_MSGSEND = YES;
				GCC_C_LANGUAGE_STANDARD = gnu11;
				GCC_NO_COMMON_BLOCKS = YES;
				GCC_WARN_64_TO_32_BIT_CONVERSION = YES;
				GCC_WARN_ABOUT_RETURN_TYPE = YES_ERROR;
				GCC_WARN_UNDECLARED_SELECTOR = YES;
				GCC_WARN_UNINITIALIZED_AUTOS = YES_AGGRESSIVE;
				GCC_WARN_UNUSED_FUNCTION = YES;
				GCC_WARN_UNUSED_VARIABLE = YES;
				IPHONEOS_DEPLOYMENT_TARGET = 14.4;
				MTL_ENABLE_DEBUG_INFO = NO;
				MTL_FAST_MATH = YES;
				SDKROOT = iphoneos;
				SWIFT_COMPILATION_MODE = wholemodule;
				SWIFT_OPTIMIZATION_LEVEL = "-O";
				VALIDATE_PRODUCT = YES;
			};
			name = Release;
		};
		6671455B25E800E600050905 /* Debug */ = {
			isa = XCBuildConfiguration;
			baseConfigurationReference = 7230490279FEC940897B91E5 /* Pods-SPTDemoPlacesCallbacks.debug.xcconfig */;
			buildSettings = {
				ASSETCATALOG_COMPILER_APPICON_NAME = AppIcon;
				ASSETCATALOG_COMPILER_GLOBAL_ACCENT_COLOR_NAME = AccentColor;
				CODE_SIGN_STYLE = Automatic;
				DEVELOPMENT_TEAM = UC9T6LPJU7;
				INFOPLIST_FILE = SPTDemoPlacesCallbacks/Info.plist;
				LD_RUNPATH_SEARCH_PATHS = (
					"$(inherited)",
					"@executable_path/Frameworks",
				);
				PRODUCT_BUNDLE_IDENTIFIER = com.singlespot.SPTDemoPlacesCallbacks;
				PRODUCT_NAME = "$(TARGET_NAME)";
				SWIFT_VERSION = 5.0;
				TARGETED_DEVICE_FAMILY = "1,2";
			};
			name = Debug;
		};
		6671455C25E800E600050905 /* Release */ = {
			isa = XCBuildConfiguration;
			baseConfigurationReference = B4BD0BB843061BCD0322C988 /* Pods-SPTDemoPlacesCallbacks.release.xcconfig */;
			buildSettings = {
				ASSETCATALOG_COMPILER_APPICON_NAME = AppIcon;
				ASSETCATALOG_COMPILER_GLOBAL_ACCENT_COLOR_NAME = AccentColor;
				CODE_SIGN_STYLE = Automatic;
				DEVELOPMENT_TEAM = UC9T6LPJU7;
				INFOPLIST_FILE = SPTDemoPlacesCallbacks/Info.plist;
				LD_RUNPATH_SEARCH_PATHS = (
					"$(inherited)",
					"@executable_path/Frameworks",
				);
				PRODUCT_BUNDLE_IDENTIFIER = com.singlespot.SPTDemoPlacesCallbacks;
				PRODUCT_NAME = "$(TARGET_NAME)";
				SWIFT_VERSION = 5.0;
				TARGETED_DEVICE_FAMILY = "1,2";
			};
			name = Release;
		};
/* End XCBuildConfiguration section */

/* Begin XCConfigurationList section */
		6671454125E800E200050905 /* Build configuration list for PBXProject "SPTDemoPlacesCallbacks" */ = {
			isa = XCConfigurationList;
			buildConfigurations = (
				6671455825E800E600050905 /* Debug */,
				6671455925E800E600050905 /* Release */,
			);
			defaultConfigurationIsVisible = 0;
			defaultConfigurationName = Release;
		};
		6671455A25E800E600050905 /* Build configuration list for PBXNativeTarget "SPTDemoPlacesCallbacks" */ = {
			isa = XCConfigurationList;
			buildConfigurations = (
				6671455B25E800E600050905 /* Debug */,
				6671455C25E800E600050905 /* Release */,
			);
			defaultConfigurationIsVisible = 0;
			defaultConfigurationName = Release;
		};
/* End XCConfigurationList section */
	};
	rootObject = 6671453E25E800E200050905 /* Project object */;
}
